
Microsoft Visual Studio Solution File, Format Version 12.00
# Visual Studio Version 16
VisualStudioVersion = 16.0.30225.117
MinimumVisualStudioVersion = 10.0.40219.1
Project("{FAE04EC0-301F-11D3-BF4B-00C04F79EFBC}") = "CodeShedding", "CodeShedding\CodeShedding.csproj", "{FCD74772-88D2-47A1-B739-6AE6AAB6AFE7}"
EndProject
Global
	GlobalSection(SolutionConfigurationPlatforms) = preSolution
		Debug|Any CPU = Debug|Any CPU
		Release|Any CPU = Release|Any CPU
	EndGlobalSection
	GlobalSection(ProjectConfigurationPlatforms) = postSolution
		{FCD74772-88D2-47A1-B739-6AE6AAB6AFE7}.Debug|Any CPU.ActiveCfg = Debug|Any CPU
		{FCD74772-88D2-47A1-B739-6AE6AAB6AFE7}.Debug|Any CPU.Build.0 = Debug|Any CPU
		{FCD74772-88D2-47A1-B739-6AE6AAB6AFE7}.Release|Any CPU.ActiveCfg = Release|Any CPU
		{FCD74772-88D2-47A1-B739-6AE6AAB6AFE7}.Release|Any CPU.Build.0 = Release|Any CPU
	EndGlobalSection
	GlobalSection(SolutionProperties) = preSolution
		HideSolutionNode = FALSE
	EndGlobalSection
	GlobalSection(ExtensibilityGlobals) = postSolution
		SolutionGuid = {069AA0C5-D8DF-44F5-930C-2E3F14D8805B}
	EndGlobalSection
EndGlobal
